
Microsoft Visual Studio Solution File, Format Version 12.00
# Visual Studio 15
VisualStudioVersion = 15.0.25807.0
MinimumVisualStudioVersion = 10.0.40219.1
Project("{2150E333-8FDC-42A3-9474-1A3956D46DE8}") = "Engine", "Engine", "{0D367778-0F42-4EE1-84AA-A73C17B76899}"
EndProject
Project("{2150E333-8FDC-42A3-9474-1A3956D46DE8}") = "Games", "Games", "{9EBE6118-A4E0-44F6-A228-522C6A50890A}"
EndProject
Project("{8BC9CEB8-8B4A-11D0-8D11-00A0C91BC942}") = "GridGame", "Intermediate\ProjectFiles\GridGame.vcxproj", "{BCF3BC04-8788-4D15-AA24-3D956D812619}"
EndProject
Project("{8BC9CEB8-8B4A-11D0-8D11-00A0C91BC942}") = "UE4", "Intermediate\ProjectFiles\UE4.vcxproj", "{264A5962-34E0-44BF-8F1A-0F908D017CF0}"
EndProject
Project("{2150E333-8FDC-42A3-9474-1A3956D46DE8}") = "Visualizers", "Visualizers", "{B15CBA68-A229-4EF8-935E-8FA87241186C}"
	ProjectSection(SolutionItems) = preProject
		..\..\..\UnrelEngine\UE_4.21\Engine\Extras\VisualStudioDebugging\UE4.natvis = ..\..\..\UnrelEngine\UE_4.21\Engine\Extras\VisualStudioDebugging\UE4.natvis
	EndProjectSection
EndProject
Global
	GlobalSection(SolutionConfigurationPlatforms) = preSolution
		DebugGame Editor|HTML5 = DebugGame Editor|HTML5
		DebugGame Editor|Win32 = DebugGame Editor|Win32
		DebugGame Editor|Win64 = DebugGame Editor|Win64
		DebugGame|HTML5 = DebugGame|HTML5
		DebugGame|Win32 = DebugGame|Win32
		DebugGame|Win64 = DebugGame|Win64
		Development Editor|HTML5 = Development Editor|HTML5
		Development Editor|Win32 = Development Editor|Win32
		Development Editor|Win64 = Development Editor|Win64
		Development|HTML5 = Development|HTML5
		Development|Win32 = Development|Win32
		Development|Win64 = Development|Win64
		Shipping|HTML5 = Shipping|HTML5
		Shipping|Win32 = Shipping|Win32
		Shipping|Win64 = Shipping|Win64
	EndGlobalSection
	GlobalSection(ProjectConfigurationPlatforms) = postSolution
		{BCF3BC04-8788-4D15-AA24-3D956D812619}.DebugGame Editor|HTML5.ActiveCfg = Invalid|Win32
		{BCF3BC04-8788-4D15-AA24-3D956D812619}.DebugGame Editor|Win32.ActiveCfg = Invalid|Win32
		{BCF3BC04-8788-4D15-AA24-3D956D812619}.DebugGame Editor|Win64.ActiveCfg = DebugGame_Editor|x64
		{BCF3BC04-8788-4D15-AA24-3D956D812619}.DebugGame Editor|Win64.Build.0 = DebugGame_Editor|x64
		{BCF3BC04-8788-4D15-AA24-3D956D812619}.DebugGame|HTML5.ActiveCfg = HTML5_DebugGame|Win32
		{BCF3BC04-8788-4D15-AA24-3D956D812619}.DebugGame|HTML5.Build.0 = HTML5_DebugGame|Win32
		{BCF3BC04-8788-4D15-AA24-3D956D812619}.DebugGame|Win32.ActiveCfg = DebugGame|Win32
		{BCF3BC04-8788-4D15-AA24-3D956D812619}.DebugGame|Win32.Build.0 = DebugGame|Win32
		{BCF3BC04-8788-4D15-AA24-3D956D812619}.DebugGame|Win64.ActiveCfg = DebugGame|x64
		{BCF3BC04-8788-4D15-AA24-3D956D812619}.DebugGame|Win64.Build.0 = DebugGame|x64
		{BCF3BC04-8788-4D15-AA24-3D956D812619}.Development Editor|HTML5.ActiveCfg = Invalid|Win32
		{BCF3BC04-8788-4D15-AA24-3D956D812619}.Development Editor|Win32.ActiveCfg = Invalid|Win32
		{BCF3BC04-8788-4D15-AA24-3D956D812619}.Development Editor|Win64.ActiveCfg = Development_Editor|x64
		{BCF3BC04-8788-4D15-AA24-3D956D812619}.Development Editor|Win64.Build.0 = Development_Editor|x64
		{BCF3BC04-8788-4D15-AA24-3D956D812619}.Development|HTML5.ActiveCfg = HTML5_Development|Win32
		{BCF3BC04-8788-4D15-AA24-3D956D812619}.Development|HTML5.Build.0 = HTML5_Development|Win32
		{BCF3BC04-8788-4D15-AA24-3D956D812619}.Development|Win32.ActiveCfg = Development|Win32
		{BCF3BC04-8788-4D15-AA24-3D956D812619}.Development|Win32.Build.0 = Development|Win32
		{BCF3BC04-8788-4D15-AA24-3D956D812619}.Development|Win64.ActiveCfg = Development|x64
		{BCF3BC04-8788-4D15-AA24-3D956D812619}.Development|Win64.Build.0 = Development|x64
		{BCF3BC04-8788-4D15-AA24-3D956D812619}.Shipping|HTML5.ActiveCfg = HTML5_Shipping|Win32
		{BCF3BC04-8788-4D15-AA24-3D956D812619}.Shipping|HTML5.Build.0 = HTML5_Shipping|Win32
		{BCF3BC04-8788-4D15-AA24-3D956D812619}.Shipping|Win32.ActiveCfg = Shipping|Win32
		{BCF3BC04-8788-4D15-AA24-3D956D812619}.Shipping|Win32.Build.0 = Shipping|Win32
		{BCF3BC04-8788-4D15-AA24-3D956D812619}.Shipping|Win64.ActiveCfg = Shipping|x64
		{BCF3BC04-8788-4D15-AA24-3D956D812619}.Shipping|Win64.Build.0 = Shipping|x64
		{264A5962-34E0-44BF-8F1A-0F908D017CF0}.DebugGame Editor|HTML5.ActiveCfg = BuiltWithUnrealBuildTool|Win32
		{264A5962-34E0-44BF-8F1A-0F908D017CF0}.DebugGame Editor|Win32.ActiveCfg = BuiltWithUnrealBuildTool|Win32
		{264A5962-34E0-44BF-8F1A-0F908D017CF0}.DebugGame Editor|Win64.ActiveCfg = BuiltWithUnrealBuildTool|Win32
		{264A5962-34E0-44BF-8F1A-0F908D017CF0}.DebugGame|HTML5.ActiveCfg = BuiltWithUnrealBuildTool|Win32
		{264A5962-34E0-44BF-8F1A-0F908D017CF0}.DebugGame|Win32.ActiveCfg = BuiltWithUnrealBuildTool|Win32
		{264A5962-34E0-44BF-8F1A-0F908D017CF0}.DebugGame|Win64.ActiveCfg = BuiltWithUnrealBuildTool|Win32
		{264A5962-34E0-44BF-8F1A-0F908D017CF0}.Development Editor|HTML5.ActiveCfg = BuiltWithUnrealBuildTool|Win32
		{264A5962-34E0-44BF-8F1A-0F908D017CF0}.Development Editor|Win32.ActiveCfg = BuiltWithUnrealBuildTool|Win32
		{264A5962-34E0-44BF-8F1A-0F908D017CF0}.Development Editor|Win64.ActiveCfg = BuiltWithUnrealBuildTool|Win32
		{264A5962-34E0-44BF-8F1A-0F908D017CF0}.Development|HTML5.ActiveCfg = BuiltWithUnrealBuildTool|Win32
		{264A5962-34E0-44BF-8F1A-0F908D017CF0}.Development|Win32.ActiveCfg = BuiltWithUnrealBuildTool|Win32
		{264A5962-34E0-44BF-8F1A-0F908D017CF0}.Development|Win64.ActiveCfg = BuiltWithUnrealBuildTool|Win32
		{264A5962-34E0-44BF-8F1A-0F908D017CF0}.Shipping|HTML5.ActiveCfg = BuiltWithUnrealBuildTool|Win32
		{264A5962-34E0-44BF-8F1A-0F908D017CF0}.Shipping|Win32.ActiveCfg = BuiltWithUnrealBuildTool|Win32
		{264A5962-34E0-44BF-8F1A-0F908D017CF0}.Shipping|Win64.ActiveCfg = BuiltWithUnrealBuildTool|Win32
	EndGlobalSection
	GlobalSection(SolutionProperties) = preSolution
		HideSolutionNode = FALSE
	EndGlobalSection
	GlobalSection(NestedProjects) = preSolution
		{264A5962-34E0-44BF-8F1A-0F908D017CF0} = {0D367778-0F42-4EE1-84AA-A73C17B76899}
		{BCF3BC04-8788-4D15-AA24-3D956D812619} = {9EBE6118-A4E0-44F6-A228-522C6A50890A}
	EndGlobalSection
EndGlobal
